
Microsoft Visual Studio Solution File, Format Version 12.00
# Visual Studio Version 17
VisualStudioVersion = 17.0.32014.148
MinimumVisualStudioVersion = 10.0.40219.1
Project("{BB33D9CD-4DFA-474D-B377-2898B6783851}") = "QTHungryDogsCustomer.Logic", "QTHungryDogsCustomer.Logic\QTHungryDogsCustomer.Logic.csproj", "{4BA6D589-2D38-4527-BD59-B827DAB0D5F4}"
EndProject
Project("{7F628CEC-2238-42B4-B09B-0A6F984C4400}") = "QTHungryDogsCustomer.ConApp", "QTHungryDogsCustomer.ConApp\QTHungryDogsCustomer.ConApp.csproj", "{BA9F6754-9315-4674-AB53-34CB4BB5F30B}"
EndProject
Project("{2E2E07EE-6BF8-4BB7-98EB-F9161C4489FC}") = "QTHungryDogsCustomer.WebApi", "QTHungryDogsCustomer.WebApi\QTHungryDogsCustomer.WebApi.csproj", "{A75A5F5C-82CC-447B-A96D-242738B70C55}"
EndProject
Project("{AFC1B7A9-B56B-40DB-B7FC-712BFB19568F}") = "CommonBase", "CommonBase\CommonBase.csproj", "{5D5C4E63-A490-4AD3-8B36-7CF49A5F5937}"
EndProject
Project("{2150E333-8FDC-42A3-9474-1A3956D46DE8}")="SolutionItems","SolutionItems","{7D1E32D0-6289-41AB-B44D-31F87C0C21A2}"
	ProjectSection(SolutionItems)=preProject
		AspMvcDataFlow.md=AspMvcDataFlow.md
		AspMvcDefaultViews.md=AspMvcDefaultViews.md
		CodeGeneration.csv=CodeGeneration.csv
		CodeGenerationCommands.txt=CodeGenerationCommands.txt
		MultiTierArchitecture.md=MultiTierArchitecture.md
		Nuget.md=Nuget.md
		ReadMe.md=ReadMe.md
		WebApiDataFlow.md=WebApiDataFlow.md
EndProject
Project("{DE7DD969-A5E0-46C2-8A4D-96D3E4A935E4}") = "QTHungryDogsCustomer.WpfApp", "QTHungryDogsCustomer.WpfApp\QTHungryDogsCustomer.WpfApp.csproj", "{11E41372-993D-48EA-85EB-290BD727A3E6}"
EndProject
Project("{BAABCE21-4536-4911-A39C-989098B2788E}") = "QTHungryDogsCustomer.AspMvc", "QTHungryDogsCustomer.AspMvc\QTHungryDogsCustomer.AspMvc.csproj", "{F32EA400-BBCC-4F3C-8A2B-882A20C9C1E8}"
EndProject
Project("{C8A393AB-94AD-405D-8A6B-9624F81328C3}") = "QTHungryDogsCustomer.Logic.UnitTest", "QTHungryDogsCustomer.Logic.UnitTest\QTHungryDogsCustomer.Logic.UnitTest.csproj", "{DA2BE746-8EFA-48EB-BE54-F27E3ED868C4}"
EndProject
Global
	GlobalSection(SolutionConfigurationPlatforms) = preSolution
		Debug|Any CPU = Debug|Any CPU
		Release|Any CPU = Release|Any CPU
	EndGlobalSection
	GlobalSection(ProjectConfigurationPlatforms) = postSolution
		{4BA6D589-2D38-4527-BD59-B827DAB0D5F4}.Debug|Any CPU.ActiveCfg = Debug|Any CPU
		{4BA6D589-2D38-4527-BD59-B827DAB0D5F4}.Debug|Any CPU.Build.0 = Debug|Any CPU
		{4BA6D589-2D38-4527-BD59-B827DAB0D5F4}.Release|Any CPU.ActiveCfg = Release|Any CPU
		{4BA6D589-2D38-4527-BD59-B827DAB0D5F4}.Release|Any CPU.Build.0 = Release|Any CPU
		{BA9F6754-9315-4674-AB53-34CB4BB5F30B}.Debug|Any CPU.ActiveCfg = Debug|Any CPU
		{BA9F6754-9315-4674-AB53-34CB4BB5F30B}.Debug|Any CPU.Build.0 = Debug|Any CPU
		{BA9F6754-9315-4674-AB53-34CB4BB5F30B}.Release|Any CPU.ActiveCfg = Release|Any CPU
		{BA9F6754-9315-4674-AB53-34CB4BB5F30B}.Release|Any CPU.Build.0 = Release|Any CPU
		{A75A5F5C-82CC-447B-A96D-242738B70C55}.Debug|Any CPU.ActiveCfg = Debug|Any CPU
		{A75A5F5C-82CC-447B-A96D-242738B70C55}.Debug|Any CPU.Build.0 = Debug|Any CPU
		{A75A5F5C-82CC-447B-A96D-242738B70C55}.Release|Any CPU.ActiveCfg = Release|Any CPU
		{A75A5F5C-82CC-447B-A96D-242738B70C55}.Release|Any CPU.Build.0 = Release|Any CPU
		{5D5C4E63-A490-4AD3-8B36-7CF49A5F5937}.Debug|Any CPU.ActiveCfg = Debug|Any CPU
		{5D5C4E63-A490-4AD3-8B36-7CF49A5F5937}.Debug|Any CPU.Build.0 = Debug|Any CPU
		{5D5C4E63-A490-4AD3-8B36-7CF49A5F5937}.Release|Any CPU.ActiveCfg = Release|Any CPU
		{5D5C4E63-A490-4AD3-8B36-7CF49A5F5937}.Release|Any CPU.Build.0 = Release|Any CPU
		{11E41372-993D-48EA-85EB-290BD727A3E6}.Debug|Any CPU.ActiveCfg = Debug|Any CPU
		{11E41372-993D-48EA-85EB-290BD727A3E6}.Debug|Any CPU.Build.0 = Debug|Any CPU
		{11E41372-993D-48EA-85EB-290BD727A3E6}.Release|Any CPU.ActiveCfg = Release|Any CPU
		{11E41372-993D-48EA-85EB-290BD727A3E6}.Release|Any CPU.Build.0 = Release|Any CPU
		{F32EA400-BBCC-4F3C-8A2B-882A20C9C1E8}.Debug|Any CPU.ActiveCfg = Debug|Any CPU
		{F32EA400-BBCC-4F3C-8A2B-882A20C9C1E8}.Debug|Any CPU.Build.0 = Debug|Any CPU
		{F32EA400-BBCC-4F3C-8A2B-882A20C9C1E8}.Release|Any CPU.ActiveCfg = Release|Any CPU
		{F32EA400-BBCC-4F3C-8A2B-882A20C9C1E8}.Release|Any CPU.Build.0 = Release|Any CPU
		{DA2BE746-8EFA-48EB-BE54-F27E3ED868C4}.Debug|Any CPU.ActiveCfg = Debug|Any CPU
		{DA2BE746-8EFA-48EB-BE54-F27E3ED868C4}.Debug|Any CPU.Build.0 = Debug|Any CPU
		{DA2BE746-8EFA-48EB-BE54-F27E3ED868C4}.Release|Any CPU.ActiveCfg = Release|Any CPU
		{DA2BE746-8EFA-48EB-BE54-F27E3ED868C4}.Release|Any CPU.Build.0 = Release|Any CPU
	EndGlobalSection
	GlobalSection(SolutionProperties) = preSolution
		HideSolutionNode = FALSE
	EndGlobalSection
	GlobalSection(ExtensibilityGlobals) = postSolution
		SolutionGuid = {AF03B1AA-1561-490C-A754-A0BBC20ED76E}
	EndGlobalSection
EndGlobal
